// !$*UTF8*$!
{
	archiveVersion = 1;
	classes = {
	};
	objectVersion = 50;
	objects = {

/* Begin PBXBuildFile section */
		058557BB273AAA24004C7B11 /* Assets.xcassets in Resources */ = {isa = PBXBuildFile; fileRef = 058557BA273AAA24004C7B11 /* Assets.xcassets */; };
		058557D9273AAEEB004C7B11 /* Preview Assets.xcassets in Resources */ = {isa = PBXBuildFile; fileRef = 058557D8273AAEEB004C7B11 /* Preview Assets.xcassets */; };
		2152FB042600AC8F00CF470E /* iOSApp.swift in Sources */ = {isa = PBXBuildFile; fileRef = 2152FB032600AC8F00CF470E /* iOSApp.swift */; };
		4AB56801D9B807F73E1DE06F /* Pods_iosApp.framework in Frameworks */ = {isa = PBXBuildFile; fileRef = 2AF4857EF73C6667A2DFFE6F /* Pods_iosApp.framework */; };
		7555FF83242A565900829871 /* ContentView.swift in Sources */ = {isa = PBXBuildFile; fileRef = 7555FF82242A565900829871 /* ContentView.swift */; };
		9737617B28E8E70400232547 /* LoginView.swift in Sources */ = {isa = PBXBuildFile; fileRef = 9737617A28E8E70400232547 /* LoginView.swift */; };
		9737617E28E8EA7D00232547 /* Color + Custom.swift in Sources */ = {isa = PBXBuildFile; fileRef = 9737617D28E8EA7D00232547 /* Color + Custom.swift */; };
		9737618028E8EE2B00232547 /* CommonTextField.swift in Sources */ = {isa = PBXBuildFile; fileRef = 9737617F28E8EE2B00232547 /* CommonTextField.swift */; };
		9737618328E8F89200232547 /* ViewModel + View.swift in Sources */ = {isa = PBXBuildFile; fileRef = 9737618228E8F89200232547 /* ViewModel + View.swift */; };
		9737618728E8F99000232547 /* Flow + Publisher.swift in Sources */ = {isa = PBXBuildFile; fileRef = 9737618628E8F99000232547 /* Flow + Publisher.swift */; };
		9737618928E8FF9900232547 /* ActionButton.swift in Sources */ = {isa = PBXBuildFile; fileRef = 9737618828E8FF9900232547 /* ActionButton.swift */; };
		976CBFCD28EB3CD40073FECE /* SearchView.swift in Sources */ = {isa = PBXBuildFile; fileRef = 976CBFCC28EB3CD40073FECE /* SearchView.swift */; };
		976CBFCF28EB3CDF0073FECE /* HomeView.swift in Sources */ = {isa = PBXBuildFile; fileRef = 976CBFCE28EB3CDF0073FECE /* HomeView.swift */; };
		976CBFD228EB3D100073FECE /* TournamentsView.swift in Sources */ = {isa = PBXBuildFile; fileRef = 976CBFD128EB3D100073FECE /* TournamentsView.swift */; };
		976CBFD528EB3D670073FECE /* VideosView.swift in Sources */ = {isa = PBXBuildFile; fileRef = 976CBFD428EB3D670073FECE /* VideosView.swift */; };
		9782DF7728EC4C1600587CBE /* SearchGameView.swift in Sources */ = {isa = PBXBuildFile; fileRef = 9782DF7628EC4C1600587CBE /* SearchGameView.swift */; };
		9782DF7C28EC655700587CBE /* ProfileView.swift in Sources */ = {isa = PBXBuildFile; fileRef = 9782DF7B28EC655700587CBE /* ProfileView.swift */; };
		97C828C528EAAEBD00F81123 /* RegistrationView.swift in Sources */ = {isa = PBXBuildFile; fileRef = 97C828C428EAAEBD00F81123 /* RegistrationView.swift */; };
		97C828C828EAB04C00F81123 /* MainView.swift in Sources */ = {isa = PBXBuildFile; fileRef = 97C828C728EAB04C00F81123 /* MainView.swift */; };
		97D232AE28E9737B00E5B8DB /* ForgotPasswordView.swift in Sources */ = {isa = PBXBuildFile; fileRef = 97D232AD28E9737B00E5B8DB /* ForgotPasswordView.swift */; };
/* End PBXBuildFile section */

/* Begin PBXFileReference section */
		058557BA273AAA24004C7B11 /* Assets.xcassets */ = {isa = PBXFileReference; lastKnownFileType = folder.assetcatalog; path = Assets.xcassets; sourceTree = "<group>"; };
		058557D8273AAEEB004C7B11 /* Preview Assets.xcassets */ = {isa = PBXFileReference; lastKnownFileType = folder.assetcatalog; path = "Preview Assets.xcassets"; sourceTree = "<group>"; };
		2152FB032600AC8F00CF470E /* iOSApp.swift */ = {isa = PBXFileReference; lastKnownFileType = sourcecode.swift; path = iOSApp.swift; sourceTree = "<group>"; };
		2AF4857EF73C6667A2DFFE6F /* Pods_iosApp.framework */ = {isa = PBXFileReference; explicitFileType = wrapper.framework; includeInIndex = 0; path = Pods_iosApp.framework; sourceTree = BUILT_PRODUCTS_DIR; };
		7555FF7B242A565900829871 /* iosApp.app */ = {isa = PBXFileReference; explicitFileType = wrapper.application; includeInIndex = 0; path = iosApp.app; sourceTree = BUILT_PRODUCTS_DIR; };
		7555FF82242A565900829871 /* ContentView.swift */ = {isa = PBXFileReference; lastKnownFileType = sourcecode.swift; path = ContentView.swift; sourceTree = "<group>"; };
		7555FF8C242A565B00829871 /* Info.plist */ = {isa = PBXFileReference; lastKnownFileType = text.plist.xml; path = Info.plist; sourceTree = "<group>"; };
		9737617A28E8E70400232547 /* LoginView.swift */ = {isa = PBXFileReference; lastKnownFileType = sourcecode.swift; path = LoginView.swift; sourceTree = "<group>"; };
		9737617D28E8EA7D00232547 /* Color + Custom.swift */ = {isa = PBXFileReference; lastKnownFileType = sourcecode.swift; path = "Color + Custom.swift"; sourceTree = "<group>"; };
		9737617F28E8EE2B00232547 /* CommonTextField.swift */ = {isa = PBXFileReference; lastKnownFileType = sourcecode.swift; path = CommonTextField.swift; sourceTree = "<group>"; };
		9737618228E8F89200232547 /* ViewModel + View.swift */ = {isa = PBXFileReference; lastKnownFileType = sourcecode.swift; path = "ViewModel + View.swift"; sourceTree = "<group>"; };
		9737618628E8F99000232547 /* Flow + Publisher.swift */ = {isa = PBXFileReference; lastKnownFileType = sourcecode.swift; path = "Flow + Publisher.swift"; sourceTree = "<group>"; };
		9737618828E8FF9900232547 /* ActionButton.swift */ = {isa = PBXFileReference; lastKnownFileType = sourcecode.swift; path = ActionButton.swift; sourceTree = "<group>"; };
		976CBFCC28EB3CD40073FECE /* SearchView.swift */ = {isa = PBXFileReference; lastKnownFileType = sourcecode.swift; path = SearchView.swift; sourceTree = "<group>"; };
		976CBFCE28EB3CDF0073FECE /* HomeView.swift */ = {isa = PBXFileReference; lastKnownFileType = sourcecode.swift; path = HomeView.swift; sourceTree = "<group>"; };
		976CBFD128EB3D100073FECE /* TournamentsView.swift */ = {isa = PBXFileReference; lastKnownFileType = sourcecode.swift; path = TournamentsView.swift; sourceTree = "<group>"; };
		976CBFD428EB3D670073FECE /* VideosView.swift */ = {isa = PBXFileReference; lastKnownFileType = sourcecode.swift; path = VideosView.swift; sourceTree = "<group>"; };
		9782DF7628EC4C1600587CBE /* SearchGameView.swift */ = {isa = PBXFileReference; lastKnownFileType = sourcecode.swift; path = SearchGameView.swift; sourceTree = "<group>"; };
		9782DF7B28EC655700587CBE /* ProfileView.swift */ = {isa = PBXFileReference; lastKnownFileType = sourcecode.swift; path = ProfileView.swift; sourceTree = "<group>"; };
		97C828C428EAAEBD00F81123 /* RegistrationView.swift */ = {isa = PBXFileReference; lastKnownFileType = sourcecode.swift; path = RegistrationView.swift; sourceTree = "<group>"; };
		97C828C728EAB04C00F81123 /* MainView.swift */ = {isa = PBXFileReference; lastKnownFileType = sourcecode.swift; path = MainView.swift; sourceTree = "<group>"; };
		97D232AD28E9737B00E5B8DB /* ForgotPasswordView.swift */ = {isa = PBXFileReference; lastKnownFileType = sourcecode.swift; path = ForgotPasswordView.swift; sourceTree = "<group>"; };
		C5158C774ED7C353EA82825A /* Pods-iosApp.release.xcconfig */ = {isa = PBXFileReference; includeInIndex = 1; lastKnownFileType = text.xcconfig; name = "Pods-iosApp.release.xcconfig"; path = "Target Support Files/Pods-iosApp/Pods-iosApp.release.xcconfig"; sourceTree = "<group>"; };
		C8595C49980529214EDAD514 /* Pods-iosApp.debug.xcconfig */ = {isa = PBXFileReference; includeInIndex = 1; lastKnownFileType = text.xcconfig; name = "Pods-iosApp.debug.xcconfig"; path = "Target Support Files/Pods-iosApp/Pods-iosApp.debug.xcconfig"; sourceTree = "<group>"; };
/* End PBXFileReference section */

/* Begin PBXFrameworksBuildPhase section */
		0710FBA353385075816001F8 /* Frameworks */ = {
			isa = PBXFrameworksBuildPhase;
			buildActionMask = 2147483647;
			files = (
				4AB56801D9B807F73E1DE06F /* Pods_iosApp.framework in Frameworks */,
			);
			runOnlyForDeploymentPostprocessing = 0;
		};
/* End PBXFrameworksBuildPhase section */

/* Begin PBXGroup section */
		058557D7273AAEEB004C7B11 /* Preview Content */ = {
			isa = PBXGroup;
			children = (
				058557D8273AAEEB004C7B11 /* Preview Assets.xcassets */,
			);
			path = "Preview Content";
			sourceTree = "<group>";
		};
		076BBE576E96BF6BAD08781C /* Frameworks */ = {
			isa = PBXGroup;
			children = (
				2AF4857EF73C6667A2DFFE6F /* Pods_iosApp.framework */,
			);
			name = Frameworks;
			sourceTree = "<group>";
		};
		7555FF72242A565900829871 = {
			isa = PBXGroup;
			children = (
				7555FF7D242A565900829871 /* iosApp */,
				7555FF7C242A565900829871 /* Products */,
				FE95650239BEA99803C0B9F6 /* Pods */,
				076BBE576E96BF6BAD08781C /* Frameworks */,
			);
			sourceTree = "<group>";
		};
		7555FF7C242A565900829871 /* Products */ = {
			isa = PBXGroup;
			children = (
				7555FF7B242A565900829871 /* iosApp.app */,
			);
			name = Products;
			sourceTree = "<group>";
		};
		7555FF7D242A565900829871 /* iosApp */ = {
			isa = PBXGroup;
			children = (
				9737618128E8EE3000232547 /* Views */,
				9737617C28E8EA7200232547 /* Utils */,
				9737617828E8E6F700232547 /* Screens */,
				058557BA273AAA24004C7B11 /* Assets.xcassets */,
				7555FF82242A565900829871 /* ContentView.swift */,
				7555FF8C242A565B00829871 /* Info.plist */,
				2152FB032600AC8F00CF470E /* iOSApp.swift */,
				058557D7273AAEEB004C7B11 /* Preview Content */,
			);
			path = iosApp;
			sourceTree = "<group>";
		};
		9737617828E8E6F700232547 /* Screens */ = {
			isa = PBXGroup;
			children = (
				9782DF7A28EC654F00587CBE /* Profile */,
				976CBFD328EB3D5A0073FECE /* Videos */,
				976CBFD028EB3D030073FECE /* Tournaments */,
				976CBFCB28EB3C120073FECE /* Search */,
				976CBFCA28EB3C010073FECE /* Home */,
				97C828C628EAB04300F81123 /* Main */,
				97C828C328EAADDA00F81123 /* Registration */,
				97D232AC28E9737200E5B8DB /* Forgot */,
				9737617928E8E6FC00232547 /* Login */,
			);
			path = Screens;
			sourceTree = "<group>";
		};
		9737617928E8E6FC00232547 /* Login */ = {
			isa = PBXGroup;
			children = (
				9737617A28E8E70400232547 /* LoginView.swift */,
			);
			path = Login;
			sourceTree = "<group>";
		};
		9737617C28E8EA7200232547 /* Utils */ = {
			isa = PBXGroup;
			children = (
				9737617D28E8EA7D00232547 /* Color + Custom.swift */,
				9737618228E8F89200232547 /* ViewModel + View.swift */,
				9737618628E8F99000232547 /* Flow + Publisher.swift */,
			);
			path = Utils;
			sourceTree = "<group>";
		};
		9737618128E8EE3000232547 /* Views */ = {
			isa = PBXGroup;
			children = (
				9737617F28E8EE2B00232547 /* CommonTextField.swift */,
				9737618828E8FF9900232547 /* ActionButton.swift */,
			);
			path = Views;
			sourceTree = "<group>";
		};
		976CBFCA28EB3C010073FECE /* Home */ = {
			isa = PBXGroup;
			children = (
				976CBFCE28EB3CDF0073FECE /* HomeView.swift */,
			);
			path = Home;
			sourceTree = "<group>";
		};
		976CBFCB28EB3C120073FECE /* Search */ = {
			isa = PBXGroup;
			children = (
				9782DF7528EC4C0700587CBE /* Views */,
				976CBFCC28EB3CD40073FECE /* SearchView.swift */,
			);
			path = Search;
			sourceTree = "<group>";
		};
		976CBFD028EB3D030073FECE /* Tournaments */ = {
			isa = PBXGroup;
			children = (
				976CBFD128EB3D100073FECE /* TournamentsView.swift */,
			);
			path = Tournaments;
			sourceTree = "<group>";
		};
		976CBFD328EB3D5A0073FECE /* Videos */ = {
			isa = PBXGroup;
			children = (
				976CBFD428EB3D670073FECE /* VideosView.swift */,
			);
			path = Videos;
			sourceTree = "<group>";
		};
		9782DF7528EC4C0700587CBE /* Views */ = {
			isa = PBXGroup;
			children = (
				9782DF7628EC4C1600587CBE /* SearchGameView.swift */,
			);
			path = Views;
			sourceTree = "<group>";
		};
		9782DF7A28EC654F00587CBE /* Profile */ = {
			isa = PBXGroup;
			children = (
				9782DF7B28EC655700587CBE /* ProfileView.swift */,
			);
			path = Profile;
			sourceTree = "<group>";
		};
		97C828C328EAADDA00F81123 /* Registration */ = {
			isa = PBXGroup;
			children = (
				97C828C428EAAEBD00F81123 /* RegistrationView.swift */,
			);
			path = Registration;
			sourceTree = "<group>";
		};
		97C828C628EAB04300F81123 /* Main */ = {
			isa = PBXGroup;
			children = (
				97C828C728EAB04C00F81123 /* MainView.swift */,
			);
			path = Main;
			sourceTree = "<group>";
		};
		97D232AC28E9737200E5B8DB /* Forgot */ = {
			isa = PBXGroup;
			children = (
				97D232AD28E9737B00E5B8DB /* ForgotPasswordView.swift */,
			);
			path = Forgot;
			sourceTree = "<group>";
		};
		FE95650239BEA99803C0B9F6 /* Pods */ = {
			isa = PBXGroup;
			children = (
				C8595C49980529214EDAD514 /* Pods-iosApp.debug.xcconfig */,
				C5158C774ED7C353EA82825A /* Pods-iosApp.release.xcconfig */,
			);
			path = Pods;
			sourceTree = "<group>";
		};
/* End PBXGroup section */

/* Begin PBXNativeTarget section */
		7555FF7A242A565900829871 /* iosApp */ = {
			isa = PBXNativeTarget;
			buildConfigurationList = 7555FFA5242A565B00829871 /* Build configuration list for PBXNativeTarget "iosApp" */;
			buildPhases = (
				3F3E00F0F15832079EF3A7DF /* [CP] Check Pods Manifest.lock */,
				7555FF77242A565900829871 /* Sources */,
				7555FF79242A565900829871 /* Resources */,
				0710FBA353385075816001F8 /* Frameworks */,
			);
			buildRules = (
			);
			dependencies = (
			);
			name = iosApp;
			productName = iosApp;
			productReference = 7555FF7B242A565900829871 /* iosApp.app */;
			productType = "com.apple.product-type.application";
		};
/* End PBXNativeTarget section */

/* Begin PBXProject section */
		7555FF73242A565900829871 /* Project object */ = {
			isa = PBXProject;
			attributes = {
				LastSwiftUpdateCheck = 1130;
				LastUpgradeCheck = 1130;
				ORGANIZATIONNAME = orgName;
				TargetAttributes = {
					7555FF7A242A565900829871 = {
						CreatedOnToolsVersion = 11.3.1;
					};
				};
			};
			buildConfigurationList = 7555FF76242A565900829871 /* Build configuration list for PBXProject "iosApp" */;
			compatibilityVersion = "Xcode 9.3";
			developmentRegion = en;
			hasScannedForEncodings = 0;
			knownRegions = (
				en,
				Base,
			);
			mainGroup = 7555FF72242A565900829871;
			productRefGroup = 7555FF7C242A565900829871 /* Products */;
			projectDirPath = "";
			projectRoot = "";
			targets = (
				7555FF7A242A565900829871 /* iosApp */,
			);
		};
/* End PBXProject section */

/* Begin PBXResourcesBuildPhase section */
		7555FF79242A565900829871 /* Resources */ = {
			isa = PBXResourcesBuildPhase;
			buildActionMask = 2147483647;
			files = (
				058557D9273AAEEB004C7B11 /* Preview Assets.xcassets in Resources */,
				058557BB273AAA24004C7B11 /* Assets.xcassets in Resources */,
			);
			runOnlyForDeploymentPostprocessing = 0;
		};
/* End PBXResourcesBuildPhase section */

/* Begin PBXShellScriptBuildPhase section */
		3F3E00F0F15832079EF3A7DF /* [CP] Check Pods Manifest.lock */ = {
			isa = PBXShellScriptBuildPhase;
			buildActionMask = 2147483647;
			files = (
			);
			inputFileListPaths = (
			);
			inputPaths = (
				"${PODS_PODFILE_DIR_PATH}/Podfile.lock",
				"${PODS_ROOT}/Manifest.lock",
			);
			name = "[CP] Check Pods Manifest.lock";
			outputFileListPaths = (
			);
			outputPaths = (
				"$(DERIVED_FILE_DIR)/Pods-iosApp-checkManifestLockResult.txt",
			);
			runOnlyForDeploymentPostprocessing = 0;
			shellPath = /bin/sh;
			shellScript = "diff \"${PODS_PODFILE_DIR_PATH}/Podfile.lock\" \"${PODS_ROOT}/Manifest.lock\" > /dev/null\nif [ $? != 0 ] ; then\n    # print error to STDERR\n    echo \"error: The sandbox is not in sync with the Podfile.lock. Run 'pod install' or update your CocoaPods installation.\" >&2\n    exit 1\nfi\n# This output is used by Xcode 'outputs' to avoid re-running this script phase.\necho \"SUCCESS\" > \"${SCRIPT_OUTPUT_FILE_0}\"\n";
			showEnvVarsInLog = 0;
		};
/* End PBXShellScriptBuildPhase section */

/* Begin PBXSourcesBuildPhase section */
		7555FF77242A565900829871 /* Sources */ = {
			isa = PBXSourcesBuildPhase;
			buildActionMask = 2147483647;
			files = (
				9737617E28E8EA7D00232547 /* Color + Custom.swift in Sources */,
				9737617B28E8E70400232547 /* LoginView.swift in Sources */,
				976CBFCF28EB3CDF0073FECE /* HomeView.swift in Sources */,
				2152FB042600AC8F00CF470E /* iOSApp.swift in Sources */,
				9737618728E8F99000232547 /* Flow + Publisher.swift in Sources */,
				976CBFCD28EB3CD40073FECE /* SearchView.swift in Sources */,
				9737618328E8F89200232547 /* ViewModel + View.swift in Sources */,
				976CBFD228EB3D100073FECE /* TournamentsView.swift in Sources */,
				9737618028E8EE2B00232547 /* CommonTextField.swift in Sources */,
				9782DF7C28EC655700587CBE /* ProfileView.swift in Sources */,
				7555FF83242A565900829871 /* ContentView.swift in Sources */,
				9782DF7728EC4C1600587CBE /* SearchGameView.swift in Sources */,
				97C828C828EAB04C00F81123 /* MainView.swift in Sources */,
				976CBFD528EB3D670073FECE /* VideosView.swift in Sources */,
				97D232AE28E9737B00E5B8DB /* ForgotPasswordView.swift in Sources */,
				9737618928E8FF9900232547 /* ActionButton.swift in Sources */,
				97C828C528EAAEBD00F81123 /* RegistrationView.swift in Sources */,
			);
			runOnlyForDeploymentPostprocessing = 0;
		};
/* End PBXSourcesBuildPhase section */

/* Begin XCBuildConfiguration section */
		7555FFA3242A565B00829871 /* Debug */ = {
			isa = XCBuildConfiguration;
			buildSettings = {
				ALWAYS_SEARCH_USER_PATHS = NO;
				CLANG_ANALYZER_NONNULL = YES;
				CLANG_ANALYZER_NUMBER_OBJECT_CONVERSION = YES_AGGRESSIVE;
				CLANG_CXX_LANGUAGE_STANDARD = "gnu++14";
				CLANG_CXX_LIBRARY = "libc++";
				CLANG_ENABLE_MODULES = YES;
				CLANG_ENABLE_OBJC_ARC = YES;
				CLANG_ENABLE_OBJC_WEAK = YES;
				CLANG_WARN_BLOCK_CAPTURE_AUTORELEASING = YES;
				CLANG_WARN_BOOL_CONVERSION = YES;
				CLANG_WARN_COMMA = YES;
				CLANG_WARN_CONSTANT_CONVERSION = YES;
				CLANG_WARN_DEPRECATED_OBJC_IMPLEMENTATIONS = YES;
				CLANG_WARN_DIRECT_OBJC_ISA_USAGE = YES_ERROR;
				CLANG_WARN_DOCUMENTATION_COMMENTS = YES;
				CLANG_WARN_EMPTY_BODY = YES;
				CLANG_WARN_ENUM_CONVERSION = YES;
				CLANG_WARN_INFINITE_RECURSION = YES;
				CLANG_WARN_INT_CONVERSION = YES;
				CLANG_WARN_NON_LITERAL_NULL_CONVERSION = YES;
				CLANG_WARN_OBJC_IMPLICIT_RETAIN_SELF = YES;
				CLANG_WARN_OBJC_LITERAL_CONVERSION = YES;
				CLANG_WARN_OBJC_ROOT_CLASS = YES_ERROR;
				CLANG_WARN_QUOTED_INCLUDE_IN_FRAMEWORK_HEADER = YES;
				CLANG_WARN_RANGE_LOOP_ANALYSIS = YES;
				CLANG_WARN_STRICT_PROTOTYPES = YES;
				CLANG_WARN_SUSPICIOUS_MOVE = YES;
				CLANG_WARN_UNGUARDED_AVAILABILITY = YES_AGGRESSIVE;
				CLANG_WARN_UNREACHABLE_CODE = YES;
				CLANG_WARN__DUPLICATE_METHOD_MATCH = YES;
				COPY_PHASE_STRIP = NO;
				DEBUG_INFORMATION_FORMAT = "dwarf-with-dsym";
				ENABLE_STRICT_OBJC_MSGSEND = YES;
				ENABLE_TESTABILITY = YES;
				GCC_C_LANGUAGE_STANDARD = gnu11;
				GCC_DYNAMIC_NO_PIC = NO;
				GCC_NO_COMMON_BLOCKS = YES;
				GCC_OPTIMIZATION_LEVEL = 0;
				GCC_PREPROCESSOR_DEFINITIONS = (
					"DEBUG=1",
					"$(inherited)",
				);
				GCC_WARN_64_TO_32_BIT_CONVERSION = YES;
				GCC_WARN_ABOUT_RETURN_TYPE = YES_ERROR;
				GCC_WARN_UNDECLARED_SELECTOR = YES;
				GCC_WARN_UNINITIALIZED_AUTOS = YES_AGGRESSIVE;
				GCC_WARN_UNUSED_FUNCTION = YES;
				GCC_WARN_UNUSED_VARIABLE = YES;
				IPHONEOS_DEPLOYMENT_TARGET = 14.1;
				MTL_ENABLE_DEBUG_INFO = INCLUDE_SOURCE;
				MTL_FAST_MATH = YES;
				ONLY_ACTIVE_ARCH = YES;
				SDKROOT = iphoneos;
				SWIFT_ACTIVE_COMPILATION_CONDITIONS = DEBUG;
				SWIFT_OPTIMIZATION_LEVEL = "-Onone";
			};
			name = Debug;
		};
		7555FFA4242A565B00829871 /* Release */ = {
			isa = XCBuildConfiguration;
			buildSettings = {
				ALWAYS_SEARCH_USER_PATHS = NO;
				CLANG_ANALYZER_NONNULL = YES;
				CLANG_ANALYZER_NUMBER_OBJECT_CONVERSION = YES_AGGRESSIVE;
				CLANG_CXX_LANGUAGE_STANDARD = "gnu++14";
				CLANG_CXX_LIBRARY = "libc++";
				CLANG_ENABLE_MODULES = YES;
				CLANG_ENABLE_OBJC_ARC = YES;
				CLANG_ENABLE_OBJC_WEAK = YES;
				CLANG_WARN_BLOCK_CAPTURE_AUTORELEASING = YES;
				CLANG_WARN_BOOL_CONVERSION = YES;
				CLANG_WARN_COMMA = YES;
				CLANG_WARN_CONSTANT_CONVERSION = YES;
				CLANG_WARN_DEPRECATED_OBJC_IMPLEMENTATIONS = YES;
				CLANG_WARN_DIRECT_OBJC_ISA_USAGE = YES_ERROR;
				CLANG_WARN_DOCUMENTATION_COMMENTS = YES;
				CLANG_WARN_EMPTY_BODY = YES;
				CLANG_WARN_ENUM_CONVERSION = YES;
				CLANG_WARN_INFINITE_RECURSION = YES;
				CLANG_WARN_INT_CONVERSION = YES;
				CLANG_WARN_NON_LITERAL_NULL_CONVERSION = YES;
				CLANG_WARN_OBJC_IMPLICIT_RETAIN_SELF = YES;
				CLANG_WARN_OBJC_LITERAL_CONVERSION = YES;
				CLANG_WARN_OBJC_ROOT_CLASS = YES_ERROR;
				CLANG_WARN_QUOTED_INCLUDE_IN_FRAMEWORK_HEADER = YES;
				CLANG_WARN_RANGE_LOOP_ANALYSIS = YES;
				CLANG_WARN_STRICT_PROTOTYPES = YES;
				CLANG_WARN_SUSPICIOUS_MOVE = YES;
				CLANG_WARN_UNGUARDED_AVAILABILITY = YES_AGGRESSIVE;
				CLANG_WARN_UNREACHABLE_CODE = YES;
				CLANG_WARN__DUPLICATE_METHOD_MATCH = YES;
				COPY_PHASE_STRIP = NO;
				DEBUG_INFORMATION_FORMAT = "dwarf-with-dsym";
				ENABLE_NS_ASSERTIONS = NO;
				ENABLE_STRICT_OBJC_MSGSEND = YES;
				GCC_C_LANGUAGE_STANDARD = gnu11;
				GCC_NO_COMMON_BLOCKS = YES;
				GCC_WARN_64_TO_32_BIT_CONVERSION = YES;
				GCC_WARN_ABOUT_RETURN_TYPE = YES_ERROR;
				GCC_WARN_UNDECLARED_SELECTOR = YES;
				GCC_WARN_UNINITIALIZED_AUTOS = YES_AGGRESSIVE;
				GCC_WARN_UNUSED_FUNCTION = YES;
				GCC_WARN_UNUSED_VARIABLE = YES;
				IPHONEOS_DEPLOYMENT_TARGET = 14.1;
				MTL_ENABLE_DEBUG_INFO = NO;
				MTL_FAST_MATH = YES;
				SDKROOT = iphoneos;
				SWIFT_COMPILATION_MODE = wholemodule;
				SWIFT_OPTIMIZATION_LEVEL = "-O";
				VALIDATE_PRODUCT = YES;
			};
			name = Release;
		};
		7555FFA6242A565B00829871 /* Debug */ = {
			isa = XCBuildConfiguration;
			baseConfigurationReference = C8595C49980529214EDAD514 /* Pods-iosApp.debug.xcconfig */;
			buildSettings = {
				ASSETCATALOG_COMPILER_APPICON_NAME = AppIcon;
				CODE_SIGN_STYLE = Automatic;
				DEVELOPMENT_ASSET_PATHS = "\"iosApp/Preview Content\"";
				ENABLE_PREVIEWS = YES;
				INFOPLIST_FILE = iosApp/Info.plist;
				IPHONEOS_DEPLOYMENT_TARGET = 15.0;
				LD_RUNPATH_SEARCH_PATHS = (
					"$(inherited)",
					"@executable_path/Frameworks",
				);
				OTHER_LDFLAGS = (
					"$(inherited)",
					"-ObjC",
					"-l\"c++\"",
					"-framework",
					"\"SharedSDK\"",
					"-lsqlite3",
				);
				PRODUCT_BUNDLE_IDENTIFIER = orgIdentifier.iosApp;
				PRODUCT_NAME = "$(TARGET_NAME)";
				SWIFT_VERSION = 5.0;
				TARGETED_DEVICE_FAMILY = "1,2";
			};
			name = Debug;
		};
		7555FFA7242A565B00829871 /* Release */ = {
			isa = XCBuildConfiguration;
			baseConfigurationReference = C5158C774ED7C353EA82825A /* Pods-iosApp.release.xcconfig */;
			buildSettings = {
				ASSETCATALOG_COMPILER_APPICON_NAME = AppIcon;
				CODE_SIGN_STYLE = Automatic;
				DEVELOPMENT_ASSET_PATHS = "\"iosApp/Preview Content\"";
				ENABLE_PREVIEWS = YES;
				INFOPLIST_FILE = iosApp/Info.plist;
				IPHONEOS_DEPLOYMENT_TARGET = 15.0;
				LD_RUNPATH_SEARCH_PATHS = (
					"$(inherited)",
					"@executable_path/Frameworks",
				);
				OTHER_LDFLAGS = (
					"$(inherited)",
					"-ObjC",
					"-l\"c++\"",
					"-framework",
					"\"SharedSDK\"",
					"-lsqlite3",
				);
				PRODUCT_BUNDLE_IDENTIFIER = orgIdentifier.iosApp;
				PRODUCT_NAME = "$(TARGET_NAME)";
				SWIFT_VERSION = 5.0;
				TARGETED_DEVICE_FAMILY = "1,2";
			};
			name = Release;
		};
/* End XCBuildConfiguration section */

/* Begin XCConfigurationList section */
		7555FF76242A565900829871 /* Build configuration list for PBXProject "iosApp" */ = {
			isa = XCConfigurationList;
			buildConfigurations = (
				7555FFA3242A565B00829871 /* Debug */,
				7555FFA4242A565B00829871 /* Release */,
			);
			defaultConfigurationIsVisible = 0;
			defaultConfigurationName = Release;
		};
		7555FFA5242A565B00829871 /* Build configuration list for PBXNativeTarget "iosApp" */ = {
			isa = XCConfigurationList;
			buildConfigurations = (
				7555FFA6242A565B00829871 /* Debug */,
				7555FFA7242A565B00829871 /* Release */,
			);
			defaultConfigurationIsVisible = 0;
			defaultConfigurationName = Release;
		};
/* End XCConfigurationList section */
	};
	rootObject = 7555FF73242A565900829871 /* Project object */;
}
